<?xml version="1.0" encoding="utf-8"?>
<Project ToolsVersion="4.0" xmlns="http://schemas.microsoft.com/developer/msbuild/2003">
  <ItemGroup>
    <Filter Include="Source Files">
      <UniqueIdentifier>{4FC737F1-C7A5-4376-A066-2A32D752A2FF}</UniqueIdentifier>
      <Extensions>cpp;c;cc;cxx;def;odl;idl;hpj;bat;asm;asmx</Extensions>
    </Filter>
    <Filter Include="Header Files">
      <UniqueIdentifier>{93995380-89BD-4b04-88EB-625FBE52EBFB}</UniqueIdentifier>
      <Extensions>h;hh;hpp;hxx;hm;inl;inc;xsd</Extensions>
    </Filter>
    <Filter Include="Resource Files">
      <UniqueIdentifier>{67DA6AB6-F800-4c08-8B7A-83BB121AAD01}</UniqueIdentifier>
      <Extensions>rc;ico;cur;bmp;dlg;rc2;rct;bin;rgs;gif;jpg;jpeg;jpe;resx;tiff;tif;png;wav;mfcribbon-ms</Extensions>
    </Filter>
    <Filter Include="Source">
      <UniqueIdentifier>{8c9174a2-dc56-48cc-afe4-76c8c3ed03ea}</UniqueIdentifier>
    </Filter>
    <Filter Include="Source\Vulkan">
      <UniqueIdentifier>{e3056bbe-f52f-4a00-ae02-aa504ce0f275}</UniqueIdentifier>
    </Filter>
  </ItemGroup>
  <ItemGroup>
    <ClCompile Include="main.cpp">
      <Filter>Source Files</Filter>
    </ClCompile>
    <ClCompile Include="init.cpp">
      <Filter>Source Files</Filter>
    </ClCompile>
    <ClCompile Include="..\..\Source\Graphics\Vulkan\spirv-reflection.cpp">
      <Filter>Source\Vulkan</Filter>
    </ClCompile>
    <ClCompile Include="..\..\Source\Graphics\Vulkan\vBuffer.cpp">
      <Filter>Source\Vulkan</Filter>
    </ClCompile>
    <ClCompile Include="..\..\Source\Graphics\Vulkan\vDevice.cpp">
      <Filter>Source\Vulkan</Filter>
    </ClCompile>
    <ClCompile Include="..\..\Source\Graphics\Vulkan\vInstance.cpp">
      <Filter>Source\Vulkan</Filter>
    </ClCompile>
    <ClCompile Include="..\..\Source\Graphics\Vulkan\vMemoryBase.cpp">
      <Filter>Source\Vulkan</Filter>
    </ClCompile>
    <ClCompile Include="..\..\Source\Graphics\Vulkan\vMemoryManager.cpp">
      <Filter>Source\Vulkan</Filter>
    </ClCompile>
    <ClCompile Include="..\..\Source\Graphics\Vulkan\vSampler.cpp">
      <Filter>Source\Vulkan</Filter>
    </ClCompile>
    <ClCompile Include="..\..\Source\Graphics\Vulkan\vSurface.cpp">
      <Filter>Source\Vulkan</Filter>
    </ClCompile>
    <ClCompile Include="..\..\Source\Graphics\Vulkan\vSwapchain.cpp">
      <Filter>Source\Vulkan</Filter>
    </ClCompile>
    <ClCompile Include="..\..\Source\Graphics\Vulkan\vSystem.cpp">
      <Filter>Source\Vulkan</Filter>
    </ClCompile>
    <ClCompile Include="..\..\Source\Graphics\Vulkan\vTexture.cpp">
      <Filter>Source\Vulkan</Filter>
    </ClCompile>
  </ItemGroup>
  <ItemGroup>
    <ClInclude Include="init.h">
      <Filter>Header Files</Filter>
    </ClInclude>
    <ClInclude Include="..\..\Source\Graphics\Vulkan\spirv-reflection.h">
      <Filter>Source\Vulkan</Filter>
    </ClInclude>
    <ClInclude Include="..\..\Source\Graphics\Vulkan\vBuffer.h">
      <Filter>Source\Vulkan</Filter>
    </ClInclude>
    <ClInclude Include="..\..\Source\Graphics\Vulkan\vBufferImpl.h">
      <Filter>Source\Vulkan</Filter>
    </ClInclude>
    <ClInclude Include="..\..\Source\Graphics\Vulkan\vDevice.h">
      <Filter>Source\Vulkan</Filter>
    </ClInclude>
    <ClInclude Include="..\..\Source\Graphics\Vulkan\vInstance.h">
      <Filter>Source\Vulkan</Filter>
    </ClInclude>
    <ClInclude Include="..\..\Source\Graphics\Vulkan\vMemoryBase.h">
      <Filter>Source\Vulkan</Filter>
    </ClInclude>
    <ClInclude Include="..\..\Source\Graphics\Vulkan\vMemoryManager.h">
      <Filter>Source\Vulkan</Filter>
    </ClInclude>
    <ClInclude Include="..\..\Source\Graphics\Vulkan\vSampler.h">
      <Filter>Source\Vulkan</Filter>
    </ClInclude>
    <ClInclude Include="..\..\Source\Graphics\Vulkan\vSurface.h">
      <Filter>Source\Vulkan</Filter>
    </ClInclude>
    <ClInclude Include="..\..\Source\Graphics\Vulkan\vSwapchain.h">
      <Filter>Source\Vulkan</Filter>
    </ClInclude>
    <ClInclude Include="..\..\Source\Graphics\Vulkan\vSystem.h">
      <Filter>Source\Vulkan</Filter>
    </ClInclude>
    <ClInclude Include="..\..\Source\Graphics\Vulkan\vTexture.h">
      <Filter>Source\Vulkan</Filter>
    </ClInclude>
    <ClInclude Include="..\..\Source\Graphics\Vulkan\vulkan_config.h">
      <Filter>Source\Vulkan</Filter>
    </ClInclude>
    <ClInclude Include="..\..\Source\Graphics\Vulkan\vulkan_general.h">
      <Filter>Source\Vulkan</Filter>
    </ClInclude>
    <ClInclude Include="..\..\Source\Graphics\Vulkan\vUtil.h">
      <Filter>Source\Vulkan</Filter>
    </ClInclude>
    <ClInclude Include="..\..\Source\Graphics\Vulkan\vUtil_Enums.h">
      <Filter>Source\Vulkan</Filter>
    </ClInclude>
  </ItemGroup>
  <ItemGroup>
    <Xml Include="ZIMGViewer_Config.xml">
      <Filter>Resource Files</Filter>
    </Xml>
  </ItemGroup>
</Project>